
Microsoft Visual Studio Solution File, Format Version 12.00
# Visual Studio Version 17
VisualStudioVersion = 17.3.32922.545
MinimumVisualStudioVersion = 10.0.40219.1
Project("{FAE04EC0-301F-11D3-BF4B-00C04F79EFBC}") = "Proyecto Parte1", "Proyecto Parte1\Proyecto Parte1.csproj", "{77FD4D74-A673-45CC-A2F6-E6E4F019DB14}"
EndProject
Global
	GlobalSection(SolutionConfigurationPlatforms) = preSolution
		Debug|Any CPU = Debug|Any CPU
		Release|Any CPU = Release|Any CPU
	EndGlobalSection
	GlobalSection(ProjectConfigurationPlatforms) = postSolution
		{77FD4D74-A673-45CC-A2F6-E6E4F019DB14}.Debug|Any CPU.ActiveCfg = Debug|Any CPU
		{77FD4D74-A673-45CC-A2F6-E6E4F019DB14}.Debug|Any CPU.Build.0 = Debug|Any CPU
		{77FD4D74-A673-45CC-A2F6-E6E4F019DB14}.Release|Any CPU.ActiveCfg = Release|Any CPU
		{77FD4D74-A673-45CC-A2F6-E6E4F019DB14}.Release|Any CPU.Build.0 = Release|Any CPU
	EndGlobalSection
	GlobalSection(SolutionProperties) = preSolution
		HideSolutionNode = FALSE
	EndGlobalSection
	GlobalSection(ExtensibilityGlobals) = postSolution
		SolutionGuid = {FB17F143-6A40-44B1-B14E-F9809CB46C9D}
	EndGlobalSection
EndGlobal
